github.com/PuerkitoBio/purell v1.1.0 h1:rmGxhojJlM0tuKtfdvliR84CFHljx9ag64t2xmVkjK4=
github.com/PuerkitoBio/purell v1.1.0/go.mod h1:c11w/QuzBsJSee3cPx9rAFu61PvFxuPbtSwDGJws/X0=
github.com/PuerkitoBio/purell v1.1.1 h1:WEQqlqaGbrPkxLJWfBwQmfEAE1Z7ONdDLqrN38tNFfI=
github.com/PuerkitoBio/purell v1.1.1/go.mod h1:c11w/QuzBsJSee3cPx9rAFu61PvFxuPbtSwDGJws/X0=
github.com/PuerkitoBio/urlesc v0.0.0-20160726150825-5bd2802263f2 h1:JCHLVE3B+kJde7bIEo5N4J+ZbLhp0J1Fs+ulyRws4gE=
github.com/PuerkitoBio/urlesc v0.0.0-20160726150825-5bd2802263f2/go.mod h1:uGdkoq3SwY9Y+13GIhn11/XLaGBb4BfwItxLd5jeuXE=
github.com/PuerkitoBio/urlesc v0.0.0-20170810143723-de5bf2ad4578 h1:d+Bc7a5rLufV/sSk/8dngufqelfh6jnri85riMAaF/M=
github.com/PuerkitoBio/urlesc v0.0.0-20170810143723-de5bf2ad4578/go.mod h1:uGdkoq3SwY9Y+13GIhn11/XLaGBb4BfwItxLd5jeuXE=
github.com/goware/urlx v0.0.0-20160722204212-8bb4a2e4339f h1:rCUE1co2KwQPwCwxbHAzUJ5i9NEknxutn68JYOoLSR8=
github.com/goware/urlx v0.0.0-20160722204212-8bb4a2e4339f/go.mod h1:Zn362WbIrTvMfW1tj4MxrEct8vJtNlnljZPnRssPfDU=
github.com/goware/urlx v0.3.2 h1:gdoo4kBHlkqZNaf6XlQ12LGtQOmpKJrR04Rc3RnpJEo=
github.com/goware/urlx v0.3.2/go.mod h1:h8uwbJy68o+tQXCGZNa9D73WN8n0r9OBae5bUnLcgjw=
github.com/vikyd/go-checksum v1.0.0 h1:inyhPReE2zScY+W+19OfGfyft3El0tW+Y9qQJgMZaOo=
github.com/vikyd/go-checksum v1.0.0/go.mod h1:+DbmgtsW3Ksw3QccfHlswRDLj07woKf4ku0C0xYA7u0=
golang.org/x/net v0.0.0-20150927182833-c2528b2dd835 h1:BZkrFfBS1SgvxbKrP1sikpFBYbq3xfI3Zlywj6nOV8Q=
golang.org/x/net v0.0.0-20150927182833-c2528b2dd835/go.mod h1:mL1N/T3taQHkDXs73rZJwtUhF3w3ftmwwsq0BUmARs4=
golang.org/x/net v0.0.0-20190213061140-3a22650c66bd h1:HuTn7WObtcDo9uEEU7rEqL0jYthdXAmZ6PP+meazmaU=
golang.org/x/net v0.0.0-20190213061140-3a22650c66bd/go.mod h1:mL1N/T3taQHkDXs73rZJwtUhF3w3ftmwwsq0BUmARs4=
golang.org/x/text v0.0.0-20161209224335-47a200a05c8b h1:DiO91brXaroqq0YTFJX1rO+eh1xcNSxIT/gVtyBkgSw=
golang.org/x/text v0.0.0-20161209224335-47a200a05c8b/go.mod h1:NqM8EUOU14njkJ3fqMW+pc6Ldnwhi/IjpwHt7yyuwOQ=
golang.org/x/text v0.3.0 h1:g61tztE5qeGQ89tm6NTjjM9VPIm088od1l6aSorWRWg=
golang.org/x/text v0.3.0/go.mod h1:NqM8EUOU14njkJ3fqMW+pc6Ldnwhi/IjpwHt7yyuwOQ=
